{
    "version": 3,
    "terraform_version": "0.11.1",
    "serial": 35,
    "lineage": "ac4fdccf-87cb-4976-885a-c0b514364e1c",
    "modules": [
        {
            "path": [
                "root"
            ],
            "outputs": {},
            "resources": {
                "data.oci_core_images.OLImageOCID": {
                    "type": "oci_core_images",
                    "depends_on": [],
                    "primary": {
                        "id": "2018-01-17 20:36:22.396284359 +0000 UTC",
                        "attributes": {
                            "compartment_id": "ocid1.compartment.oc1..aaaaaaaaavbesgmi32l7zeveyfdgqa7mejbivqplt66mqo6wzml3oqhcj7ua",
                            "display_name": "Oracle-Linux-7.4-2017.10.25-0",
                            "id": "2018-01-17 20:36:22.396284359 +0000 UTC",
                            "images.#": "0"
                        },
                        "meta": {},
                        "tainted": false
                    },
                    "deposed": [],
                    "provider": "provider.oci"
                },
                "data.oci_identity_availability_domains.ADs": {
                    "type": "oci_identity_availability_domains",
                    "depends_on": [],
                    "primary": {
                        "id": "2018-01-17 20:36:22.398113665 +0000 UTC",
                        "attributes": {
                            "availability_domains.#": "3",
                            "availability_domains.0.compartment_id": "ocid1.tenancy.oc1..aaaaaaaalmi4utl6vf72psqgib363xonysnftrnuifedqiurqawicn63kh6a",
                            "availability_domains.0.name": "amTw:US-ASHBURN-AD-1",
                            "availability_domains.1.compartment_id": "ocid1.tenancy.oc1..aaaaaaaalmi4utl6vf72psqgib363xonysnftrnuifedqiurqawicn63kh6a",
                            "availability_domains.1.name": "amTw:US-ASHBURN-AD-2",
                            "availability_domains.2.compartment_id": "ocid1.tenancy.oc1..aaaaaaaalmi4utl6vf72psqgib363xonysnftrnuifedqiurqawicn63kh6a",
                            "availability_domains.2.name": "amTw:US-ASHBURN-AD-3",
                            "compartment_id": "ocid1.tenancy.oc1..aaaaaaaalmi4utl6vf72psqgib363xonysnftrnuifedqiurqawicn63kh6a",
                            "id": "2018-01-17 20:36:22.398113665 +0000 UTC"
                        },
                        "meta": {},
                        "tainted": false
                    },
                    "deposed": [],
                    "provider": "provider.oci"
                },
                "oci_core_virtual_network.CompleteVCN": {
                    "type": "oci_core_virtual_network",
                    "depends_on": [],
                    "primary": {
                        "id": "ocid1.vcn.oc1.iad.aaaaaaaavxcx5u35yyx3r3wy2734eb3d2p4po54whvxyhidg7ty3pj4aimkq",
                        "attributes": {
                            "cidr_block": "10.0.0.0/16",
                            "compartment_id": "ocid1.compartment.oc1..aaaaaaaaavbesgmi32l7zeveyfdgqa7mejbivqplt66mqo6wzml3oqhcj7ua",
                            "default_dhcp_options_id": "ocid1.dhcpoptions.oc1.iad.aaaaaaaapkd4oxnxhdd67yhhyt2unfc342nfufou3a6gnxmwsqjypellcjaa",
                            "default_route_table_id": "ocid1.routetable.oc1.iad.aaaaaaaalqevuacemvogfo5voykosol4v4oobdwrrtuevnn2zeakbs2gybha",
                            "default_security_list_id": "ocid1.securitylist.oc1.iad.aaaaaaaabhlfm3ukrgnrgx3z3e63ka7rpyhiq5752iynu5clczc5dwegmdga",
                            "display_name": "CompleteVCN",
                            "dns_label": "myservers",
                            "id": "ocid1.vcn.oc1.iad.aaaaaaaavxcx5u35yyx3r3wy2734eb3d2p4po54whvxyhidg7ty3pj4aimkq",
                            "state": "AVAILABLE",
                            "time_created": "2018-01-05 02:09:36.809 +0000 UTC"
                        },
                        "meta": {},
                        "tainted": false
                    },
                    "deposed": [],
                    "provider": "provider.oci"
                }
            },
            "depends_on": []
        }
    ]
}
